
Microsoft Visual Studio Solution File, Format Version 12.00
# Visual Studio Version 16
VisualStudioVersion = 16.0.29215.179
MinimumVisualStudioVersion = 10.0.40219.1
Project("{9A19103F-16F7-4668-BE54-9A1E7A4F7556}") = "WebApi", "WebApi\WebApi.csproj", "{199DDBCF-ACE6-4361-ADFC-22B6F2150C6C}"
EndProject
Project("{9A19103F-16F7-4668-BE54-9A1E7A4F7556}") = "CommitViewer", "CommitViewer\CommitViewer.csproj", "{ADE52DE9-A18D-427E-BC90-C9E2928DF66F}"
EndProject
Project("{FAE04EC0-301F-11D3-BF4B-00C04F79EFBC}") = "GitHubClient", "GitHubClient\GitHubClient.csproj", "{171C253E-970B-47B5-A128-5B3529FFF4CD}"
EndProject
Project("{FAE04EC0-301F-11D3-BF4B-00C04F79EFBC}") = "Domain", "Domain\Domain.csproj", "{740D73F4-425A-4E47-A73A-AFAF756C331F}"
EndProject
Global
	GlobalSection(SolutionConfigurationPlatforms) = preSolution
		Debug|Any CPU = Debug|Any CPU
		Release|Any CPU = Release|Any CPU
	EndGlobalSection
	GlobalSection(ProjectConfigurationPlatforms) = postSolution
		{199DDBCF-ACE6-4361-ADFC-22B6F2150C6C}.Debug|Any CPU.ActiveCfg = Debug|Any CPU
		{199DDBCF-ACE6-4361-ADFC-22B6F2150C6C}.Debug|Any CPU.Build.0 = Debug|Any CPU
		{199DDBCF-ACE6-4361-ADFC-22B6F2150C6C}.Release|Any CPU.ActiveCfg = Release|Any CPU
		{199DDBCF-ACE6-4361-ADFC-22B6F2150C6C}.Release|Any CPU.Build.0 = Release|Any CPU
		{ADE52DE9-A18D-427E-BC90-C9E2928DF66F}.Debug|Any CPU.ActiveCfg = Debug|Any CPU
		{ADE52DE9-A18D-427E-BC90-C9E2928DF66F}.Debug|Any CPU.Build.0 = Debug|Any CPU
		{ADE52DE9-A18D-427E-BC90-C9E2928DF66F}.Release|Any CPU.ActiveCfg = Release|Any CPU
		{ADE52DE9-A18D-427E-BC90-C9E2928DF66F}.Release|Any CPU.Build.0 = Release|Any CPU
		{171C253E-970B-47B5-A128-5B3529FFF4CD}.Debug|Any CPU.ActiveCfg = Debug|Any CPU
		{171C253E-970B-47B5-A128-5B3529FFF4CD}.Debug|Any CPU.Build.0 = Debug|Any CPU
		{171C253E-970B-47B5-A128-5B3529FFF4CD}.Release|Any CPU.ActiveCfg = Release|Any CPU
		{171C253E-970B-47B5-A128-5B3529FFF4CD}.Release|Any CPU.Build.0 = Release|Any CPU
		{740D73F4-425A-4E47-A73A-AFAF756C331F}.Debug|Any CPU.ActiveCfg = Debug|Any CPU
		{740D73F4-425A-4E47-A73A-AFAF756C331F}.Debug|Any CPU.Build.0 = Debug|Any CPU
		{740D73F4-425A-4E47-A73A-AFAF756C331F}.Release|Any CPU.ActiveCfg = Release|Any CPU
		{740D73F4-425A-4E47-A73A-AFAF756C331F}.Release|Any CPU.Build.0 = Release|Any CPU
	EndGlobalSection
	GlobalSection(SolutionProperties) = preSolution
		HideSolutionNode = FALSE
	EndGlobalSection
	GlobalSection(ExtensibilityGlobals) = postSolution
		SolutionGuid = {04CB027B-22C2-46E9-B577-8DD023ABB380}
	EndGlobalSection
EndGlobal
