
Microsoft Visual Studio Solution File, Format Version 12.00
# Visual Studio Version 16
VisualStudioVersion = 16.0.29215.179
MinimumVisualStudioVersion = 10.0.40219.1
Project("{9A19103F-16F7-4668-BE54-9A1E7A4F7556}") = "CodacyChallenge", "CodacyChallenge\CodacyChallenge.csproj", "{619F547B-E7D1-459B-8526-60120791E20B}"
EndProject
Project("{FAE04EC0-301F-11D3-BF4B-00C04F79EFBC}") = "WebApi", "WebApi\WebApi.csproj", "{782401D6-CEA6-4365-B1FD-BF3CD8FFA5B5}"
EndProject
Global
	GlobalSection(SolutionConfigurationPlatforms) = preSolution
		Debug|Any CPU = Debug|Any CPU
		Release|Any CPU = Release|Any CPU
	EndGlobalSection
	GlobalSection(ProjectConfigurationPlatforms) = postSolution
		{619F547B-E7D1-459B-8526-60120791E20B}.Debug|Any CPU.ActiveCfg = Debug|Any CPU
		{619F547B-E7D1-459B-8526-60120791E20B}.Debug|Any CPU.Build.0 = Debug|Any CPU
		{619F547B-E7D1-459B-8526-60120791E20B}.Release|Any CPU.ActiveCfg = Release|Any CPU
		{619F547B-E7D1-459B-8526-60120791E20B}.Release|Any CPU.Build.0 = Release|Any CPU
		{782401D6-CEA6-4365-B1FD-BF3CD8FFA5B5}.Debug|Any CPU.ActiveCfg = Debug|Any CPU
		{782401D6-CEA6-4365-B1FD-BF3CD8FFA5B5}.Debug|Any CPU.Build.0 = Debug|Any CPU
		{782401D6-CEA6-4365-B1FD-BF3CD8FFA5B5}.Release|Any CPU.ActiveCfg = Release|Any CPU
		{782401D6-CEA6-4365-B1FD-BF3CD8FFA5B5}.Release|Any CPU.Build.0 = Release|Any CPU
	EndGlobalSection
	GlobalSection(SolutionProperties) = preSolution
		HideSolutionNode = FALSE
	EndGlobalSection
	GlobalSection(ExtensibilityGlobals) = postSolution
		SolutionGuid = {04CB027B-22C2-46E9-B577-8DD023ABB380}
	EndGlobalSection
EndGlobal
